// !$*UTF8*$!
{
	archiveVersion = 1;
	classes = {
	};
	objectVersion = 51;
	objects = {

/* Begin PBXBuildFile section */
		2516AF2322C3EB4E00475198 /* Credential.swift in Sources */ = {isa = PBXBuildFile; fileRef = 2516AF2222C3EB4E00475198 /* Credential.swift */; };
		257D8E9C22C272D200E90BD4 /* GoogleService-Info.plist in Resources */ = {isa = PBXBuildFile; fileRef = 257D8E9B22C272D100E90BD4 /* GoogleService-Info.plist */; };
		25BF14AC22C9D150007C219D /* ShiftManager.swift in Sources */ = {isa = PBXBuildFile; fileRef = 25BF14AB22C9D150007C219D /* ShiftManager.swift */; };
		25BF14AE22C9D184007C219D /* PaymentManager.swift in Sources */ = {isa = PBXBuildFile; fileRef = 25BF14AD22C9D184007C219D /* PaymentManager.swift */; };
		25BF14B122C9D259007C219D /* CompanyDataServiceProtocol.swift in Sources */ = {isa = PBXBuildFile; fileRef = 25BF14B022C9D259007C219D /* CompanyDataServiceProtocol.swift */; };
		25BF14B322C9D444007C219D /* EmployeeDataServiceProtocol.swift in Sources */ = {isa = PBXBuildFile; fileRef = 25BF14B222C9D444007C219D /* EmployeeDataServiceProtocol.swift */; };
		25BF14B522C9D57D007C219D /* ShiftDataServiceProtocol.swift in Sources */ = {isa = PBXBuildFile; fileRef = 25BF14B422C9D57D007C219D /* ShiftDataServiceProtocol.swift */; };
		48CCB20E41B22A8DE676E758 /* Pods_Punch.framework in Frameworks */ = {isa = PBXBuildFile; fileRef = 331EC6C1AFFCC905ACC49DE2 /* Pods_Punch.framework */; };
		783D5F9222C1927900645E11 /* AdminHomeViewController.swift in Sources */ = {isa = PBXBuildFile; fileRef = 783D5F9122C1927900645E11 /* AdminHomeViewController.swift */; };
		783D5F9422C1970600645E11 /* AdminPayViewController.swift in Sources */ = {isa = PBXBuildFile; fileRef = 783D5F9322C1970600645E11 /* AdminPayViewController.swift */; };
		7850E04022C29FDE00FAECED /* Punch-Bridging-Header.h in Headers */ = {isa = PBXBuildFile; fileRef = 7850E03E22C29F0200FAECED /* Punch-Bridging-Header.h */; };
		78515C0822C6D00600DBA4E4 /* openClose.json in Resources */ = {isa = PBXBuildFile; fileRef = 78515C0722C6D00600DBA4E4 /* openClose.json */; };
		78515C0C22C6D74300DBA4E4 /* SaveShiftTableViewCell.swift in Sources */ = {isa = PBXBuildFile; fileRef = 78515C0B22C6D74300DBA4E4 /* SaveShiftTableViewCell.swift */; };
		78515C0E22C6D83800DBA4E4 /* SaveShiftTableViewCell.xib in Resources */ = {isa = PBXBuildFile; fileRef = 78515C0D22C6D83800DBA4E4 /* SaveShiftTableViewCell.xib */; };
		7855CD4E22C26FEC00650D7E /* Utils.swift in Sources */ = {isa = PBXBuildFile; fileRef = 7855CD4D22C26FEC00650D7E /* Utils.swift */; };
		7869F45122C66FCE00A8982C /* success.json in Resources */ = {isa = PBXBuildFile; fileRef = 7869F45022C66FCE00A8982C /* success.json */; };
		786A44F922CA5286004DF104 /* EmployeePayTableViewCell.xib in Resources */ = {isa = PBXBuildFile; fileRef = 786A44F822CA5286004DF104 /* EmployeePayTableViewCell.xib */; };
		786A44FB22CA5346004DF104 /* EmployeePayTableViewCell.swift in Sources */ = {isa = PBXBuildFile; fileRef = 786A44FA22CA5346004DF104 /* EmployeePayTableViewCell.swift */; };
		78819C2422C6988200E5E3CA /* CustomCell.swift in Sources */ = {isa = PBXBuildFile; fileRef = 78819C2022C6988100E5E3CA /* CustomCell.swift */; };
		78819C2522C6988200E5E3CA /* Spring.swift in Sources */ = {isa = PBXBuildFile; fileRef = 78819C2122C6988100E5E3CA /* Spring.swift */; };
		78819C2722C6988200E5E3CA /* InterfaceViewController.swift in Sources */ = {isa = PBXBuildFile; fileRef = 78819C2322C6988200E5E3CA /* InterfaceViewController.swift */; };
		78819C2B22C6993A00E5E3CA /* GradientView.swift in Sources */ = {isa = PBXBuildFile; fileRef = 78819C2922C6993A00E5E3CA /* GradientView.swift */; };
		788D2AA022C27F6300638CC7 /* FirebaseAuth.framework in Frameworks */ = {isa = PBXBuildFile; fileRef = 788D2A9F22C27F6300638CC7 /* FirebaseAuth.framework */; };
		788D2AA222C27F6300638CC7 /* FirebaseCore.framework in Frameworks */ = {isa = PBXBuildFile; fileRef = 788D2AA122C27F6300638CC7 /* FirebaseCore.framework */; };
		788D2AA422C27F6300638CC7 /* FirebaseDatabase.framework in Frameworks */ = {isa = PBXBuildFile; fileRef = 788D2AA322C27F6300638CC7 /* FirebaseDatabase.framework */; };
		788D2AA622C27F6300638CC7 /* FirebaseInstanceID.framework in Frameworks */ = {isa = PBXBuildFile; fileRef = 788D2AA522C27F6300638CC7 /* FirebaseInstanceID.framework */; };
		78B25E5722C7E99900254186 /* LoadingView.swift in Sources */ = {isa = PBXBuildFile; fileRef = 78B25E5622C7E99900254186 /* LoadingView.swift */; };
		78BBF45F22C799AE00A1AA19 /* LocationManager.swift in Sources */ = {isa = PBXBuildFile; fileRef = 78BBF45E22C799AE00A1AA19 /* LocationManager.swift */; };
		78C2B9CF22C544F600A95733 /* AddShiftViewController.swift in Sources */ = {isa = PBXBuildFile; fileRef = 78C2B9CE22C544F600A95733 /* AddShiftViewController.swift */; };
		78C2B9D422C571C800A95733 /* DatePickerTableViewCell.swift in Sources */ = {isa = PBXBuildFile; fileRef = 78C2B9D222C571C800A95733 /* DatePickerTableViewCell.swift */; };
		78C2B9DA22C5757600A95733 /* DatePickerTableViewCell.xib in Resources */ = {isa = PBXBuildFile; fileRef = 78C2B9D922C5757600A95733 /* DatePickerTableViewCell.xib */; };
		78CD0B0322C1792C008C251C /* AppDelegate.swift in Sources */ = {isa = PBXBuildFile; fileRef = 78CD0B0222C1792C008C251C /* AppDelegate.swift */; };
		78CD0B0522C1792C008C251C /* LoginViewController.swift in Sources */ = {isa = PBXBuildFile; fileRef = 78CD0B0422C1792C008C251C /* LoginViewController.swift */; };
		78CD0B0822C1792C008C251C /* Main.storyboard in Resources */ = {isa = PBXBuildFile; fileRef = 78CD0B0622C1792C008C251C /* Main.storyboard */; };
		78CD0B0A22C1792D008C251C /* Assets.xcassets in Resources */ = {isa = PBXBuildFile; fileRef = 78CD0B0922C1792D008C251C /* Assets.xcassets */; };
		78CD0B0D22C1792D008C251C /* LaunchScreen.storyboard in Resources */ = {isa = PBXBuildFile; fileRef = 78CD0B0B22C1792D008C251C /* LaunchScreen.storyboard */; };
		78CD0B1522C17F9B008C251C /* EmployeeViewController.swift in Sources */ = {isa = PBXBuildFile; fileRef = 78CD0B1422C17F9B008C251C /* EmployeeViewController.swift */; };
		78CD0B1722C18216008C251C /* CollectionViewCell.swift in Sources */ = {isa = PBXBuildFile; fileRef = 78CD0B1622C18216008C251C /* CollectionViewCell.swift */; };
		78DB040322C690340015AB6F /* EmployeeTableViewCell.xib in Resources */ = {isa = PBXBuildFile; fileRef = 78DB040222C690340015AB6F /* EmployeeTableViewCell.xib */; };
		78DB040722C690F40015AB6F /* EmployeeTableViewCell.swift in Sources */ = {isa = PBXBuildFile; fileRef = 78DB040622C690F40015AB6F /* EmployeeTableViewCell.swift */; };
		D21FD8D922C8027C003970B1 /* CustomCell.xib in Resources */ = {isa = PBXBuildFile; fileRef = D21FD8D822C8027C003970B1 /* CustomCell.xib */; };
		D25736A322C3D33200362F44 /* DataService.swift in Sources */ = {isa = PBXBuildFile; fileRef = D25736A222C3D33200362F44 /* DataService.swift */; };
		D25736A622C3D38B00362F44 /* AuthService.swift in Sources */ = {isa = PBXBuildFile; fileRef = D25736A522C3D38B00362F44 /* AuthService.swift */; };
		D25736B122C3D3B700362F44 /* Employee.swift in Sources */ = {isa = PBXBuildFile; fileRef = D25736AE22C3D3B600362F44 /* Employee.swift */; };
		D25736B222C3D3B700362F44 /* Company.swift in Sources */ = {isa = PBXBuildFile; fileRef = D25736AF22C3D3B600362F44 /* Company.swift */; };
		D25736B322C3D3B700362F44 /* Shifts.swift in Sources */ = {isa = PBXBuildFile; fileRef = D25736B022C3D3B600362F44 /* Shifts.swift */; };
		D25736DC22C5420C00362F44 /* KeyChainManager.swift in Sources */ = {isa = PBXBuildFile; fileRef = D25736DB22C5420C00362F44 /* KeyChainManager.swift */; };
		D25736DE22C5422400362F44 /* CustomCollectionReusableView.swift in Sources */ = {isa = PBXBuildFile; fileRef = D25736DD22C5422400362F44 /* CustomCollectionReusableView.swift */; };
/* End PBXBuildFile section */

/* Begin PBXFileReference section */
		1170A086AF9EBF46D1F1B688 /* Pods-Punch.release.xcconfig */ = {isa = PBXFileReference; includeInIndex = 1; lastKnownFileType = text.xcconfig; name = "Pods-Punch.release.xcconfig"; path = "Target Support Files/Pods-Punch/Pods-Punch.release.xcconfig"; sourceTree = "<group>"; };
		2516AF1F22C3E79000475198 /* Punch.entitlements */ = {isa = PBXFileReference; lastKnownFileType = text.plist.entitlements; path = Punch.entitlements; sourceTree = "<group>"; };
		2516AF2222C3EB4E00475198 /* Credential.swift */ = {isa = PBXFileReference; lastKnownFileType = sourcecode.swift; path = Credential.swift; sourceTree = "<group>"; };
		257D8E9B22C272D100E90BD4 /* GoogleService-Info.plist */ = {isa = PBXFileReference; fileEncoding = 4; lastKnownFileType = text.plist.xml; path = "GoogleService-Info.plist"; sourceTree = "<group>"; };
		25890DFB12F692ADE659F51F /* Pods-Punch.debug.xcconfig */ = {isa = PBXFileReference; includeInIndex = 1; lastKnownFileType = text.xcconfig; name = "Pods-Punch.debug.xcconfig"; path = "Target Support Files/Pods-Punch/Pods-Punch.debug.xcconfig"; sourceTree = "<group>"; };
		25BF14AB22C9D150007C219D /* ShiftManager.swift */ = {isa = PBXFileReference; fileEncoding = 4; lastKnownFileType = sourcecode.swift; path = ShiftManager.swift; sourceTree = "<group>"; };
		25BF14AD22C9D184007C219D /* PaymentManager.swift */ = {isa = PBXFileReference; lastKnownFileType = sourcecode.swift; path = PaymentManager.swift; sourceTree = "<group>"; };
		25BF14B022C9D259007C219D /* CompanyDataServiceProtocol.swift */ = {isa = PBXFileReference; lastKnownFileType = sourcecode.swift; path = CompanyDataServiceProtocol.swift; sourceTree = "<group>"; };
		25BF14B222C9D444007C219D /* EmployeeDataServiceProtocol.swift */ = {isa = PBXFileReference; lastKnownFileType = sourcecode.swift; path = EmployeeDataServiceProtocol.swift; sourceTree = "<group>"; };
		25BF14B422C9D57D007C219D /* ShiftDataServiceProtocol.swift */ = {isa = PBXFileReference; lastKnownFileType = sourcecode.swift; path = ShiftDataServiceProtocol.swift; sourceTree = "<group>"; };
		331EC6C1AFFCC905ACC49DE2 /* Pods_Punch.framework */ = {isa = PBXFileReference; explicitFileType = wrapper.framework; includeInIndex = 0; path = Pods_Punch.framework; sourceTree = BUILT_PRODUCTS_DIR; };
		783D5F9122C1927900645E11 /* AdminHomeViewController.swift */ = {isa = PBXFileReference; lastKnownFileType = sourcecode.swift; path = AdminHomeViewController.swift; sourceTree = "<group>"; };
		783D5F9322C1970600645E11 /* AdminPayViewController.swift */ = {isa = PBXFileReference; lastKnownFileType = sourcecode.swift; path = AdminPayViewController.swift; sourceTree = "<group>"; };
		7850E03E22C29F0200FAECED /* Punch-Bridging-Header.h */ = {isa = PBXFileReference; lastKnownFileType = sourcecode.c.h; path = "Punch-Bridging-Header.h"; sourceTree = "<group>"; };
		78515C0722C6D00600DBA4E4 /* openClose.json */ = {isa = PBXFileReference; fileEncoding = 4; lastKnownFileType = text.json; path = openClose.json; sourceTree = "<group>"; };
		78515C0B22C6D74300DBA4E4 /* SaveShiftTableViewCell.swift */ = {isa = PBXFileReference; fileEncoding = 4; lastKnownFileType = sourcecode.swift; path = SaveShiftTableViewCell.swift; sourceTree = "<group>"; };
		78515C0D22C6D83800DBA4E4 /* SaveShiftTableViewCell.xib */ = {isa = PBXFileReference; fileEncoding = 4; lastKnownFileType = file.xib; path = SaveShiftTableViewCell.xib; sourceTree = "<group>"; };
		7855CD4D22C26FEC00650D7E /* Utils.swift */ = {isa = PBXFileReference; lastKnownFileType = sourcecode.swift; path = Utils.swift; sourceTree = "<group>"; };
		7869F45022C66FCE00A8982C /* success.json */ = {isa = PBXFileReference; fileEncoding = 4; lastKnownFileType = text.json; path = success.json; sourceTree = "<group>"; };
		786A44F822CA5286004DF104 /* EmployeePayTableViewCell.xib */ = {isa = PBXFileReference; lastKnownFileType = file.xib; path = EmployeePayTableViewCell.xib; sourceTree = "<group>"; };
		786A44FA22CA5346004DF104 /* EmployeePayTableViewCell.swift */ = {isa = PBXFileReference; lastKnownFileType = sourcecode.swift; path = EmployeePayTableViewCell.swift; sourceTree = "<group>"; };
		78819C2022C6988100E5E3CA /* CustomCell.swift */ = {isa = PBXFileReference; fileEncoding = 4; lastKnownFileType = sourcecode.swift; path = CustomCell.swift; sourceTree = "<group>"; };
		78819C2122C6988100E5E3CA /* Spring.swift */ = {isa = PBXFileReference; fileEncoding = 4; lastKnownFileType = sourcecode.swift; path = Spring.swift; sourceTree = "<group>"; };
		78819C2322C6988200E5E3CA /* InterfaceViewController.swift */ = {isa = PBXFileReference; fileEncoding = 4; lastKnownFileType = sourcecode.swift; path = InterfaceViewController.swift; sourceTree = "<group>"; };
		78819C2922C6993A00E5E3CA /* GradientView.swift */ = {isa = PBXFileReference; fileEncoding = 4; lastKnownFileType = sourcecode.swift; path = GradientView.swift; sourceTree = "<group>"; };
		788D2A9F22C27F6300638CC7 /* FirebaseAuth.framework */ = {isa = PBXFileReference; explicitFileType = wrapper.framework; path = FirebaseAuth.framework; sourceTree = BUILT_PRODUCTS_DIR; };
		788D2AA122C27F6300638CC7 /* FirebaseCore.framework */ = {isa = PBXFileReference; explicitFileType = wrapper.framework; path = FirebaseCore.framework; sourceTree = BUILT_PRODUCTS_DIR; };
		788D2AA322C27F6300638CC7 /* FirebaseDatabase.framework */ = {isa = PBXFileReference; explicitFileType = wrapper.framework; path = FirebaseDatabase.framework; sourceTree = BUILT_PRODUCTS_DIR; };
		788D2AA522C27F6300638CC7 /* FirebaseInstanceID.framework */ = {isa = PBXFileReference; explicitFileType = wrapper.framework; path = FirebaseInstanceID.framework; sourceTree = BUILT_PRODUCTS_DIR; };
		78B25E5622C7E99900254186 /* LoadingView.swift */ = {isa = PBXFileReference; lastKnownFileType = sourcecode.swift; path = LoadingView.swift; sourceTree = "<group>"; };
		78BBF45E22C799AE00A1AA19 /* LocationManager.swift */ = {isa = PBXFileReference; lastKnownFileType = sourcecode.swift; path = LocationManager.swift; sourceTree = "<group>"; };
		78C2B9CE22C544F600A95733 /* AddShiftViewController.swift */ = {isa = PBXFileReference; lastKnownFileType = sourcecode.swift; path = AddShiftViewController.swift; sourceTree = "<group>"; };
		78C2B9D222C571C800A95733 /* DatePickerTableViewCell.swift */ = {isa = PBXFileReference; fileEncoding = 4; lastKnownFileType = sourcecode.swift; path = DatePickerTableViewCell.swift; sourceTree = "<group>"; };
		78C2B9D922C5757600A95733 /* DatePickerTableViewCell.xib */ = {isa = PBXFileReference; lastKnownFileType = file.xib; path = DatePickerTableViewCell.xib; sourceTree = "<group>"; };
		78CD0AFF22C1792C008C251C /* Punch.app */ = {isa = PBXFileReference; explicitFileType = wrapper.application; includeInIndex = 0; path = Punch.app; sourceTree = BUILT_PRODUCTS_DIR; };
		78CD0B0222C1792C008C251C /* AppDelegate.swift */ = {isa = PBXFileReference; lastKnownFileType = sourcecode.swift; path = AppDelegate.swift; sourceTree = "<group>"; };
		78CD0B0422C1792C008C251C /* LoginViewController.swift */ = {isa = PBXFileReference; lastKnownFileType = sourcecode.swift; path = LoginViewController.swift; sourceTree = "<group>"; };
		78CD0B0722C1792C008C251C /* Base */ = {isa = PBXFileReference; lastKnownFileType = file.storyboard; name = Base; path = Base.lproj/Main.storyboard; sourceTree = "<group>"; };
		78CD0B0922C1792D008C251C /* Assets.xcassets */ = {isa = PBXFileReference; lastKnownFileType = folder.assetcatalog; path = Assets.xcassets; sourceTree = "<group>"; };
		78CD0B0C22C1792D008C251C /* Base */ = {isa = PBXFileReference; lastKnownFileType = file.storyboard; name = Base; path = Base.lproj/LaunchScreen.storyboard; sourceTree = "<group>"; };
		78CD0B0E22C1792D008C251C /* Info.plist */ = {isa = PBXFileReference; lastKnownFileType = text.plist.xml; path = Info.plist; sourceTree = "<group>"; };
		78CD0B1422C17F9B008C251C /* EmployeeViewController.swift */ = {isa = PBXFileReference; lastKnownFileType = sourcecode.swift; path = EmployeeViewController.swift; sourceTree = "<group>"; };
		78CD0B1622C18216008C251C /* CollectionViewCell.swift */ = {isa = PBXFileReference; lastKnownFileType = sourcecode.swift; path = CollectionViewCell.swift; sourceTree = "<group>"; };
		78DB040222C690340015AB6F /* EmployeeTableViewCell.xib */ = {isa = PBXFileReference; lastKnownFileType = file.xib; path = EmployeeTableViewCell.xib; sourceTree = "<group>"; };
		78DB040622C690F40015AB6F /* EmployeeTableViewCell.swift */ = {isa = PBXFileReference; lastKnownFileType = sourcecode.swift; path = EmployeeTableViewCell.swift; sourceTree = "<group>"; };
		D21FD8D822C8027C003970B1 /* CustomCell.xib */ = {isa = PBXFileReference; fileEncoding = 4; lastKnownFileType = file.xib; path = CustomCell.xib; sourceTree = "<group>"; };
		D25736A222C3D33200362F44 /* DataService.swift */ = {isa = PBXFileReference; lastKnownFileType = sourcecode.swift; path = DataService.swift; sourceTree = "<group>"; };
		D25736A522C3D38B00362F44 /* AuthService.swift */ = {isa = PBXFileReference; fileEncoding = 4; lastKnownFileType = sourcecode.swift; name = AuthService.swift; path = Punch/AuthService.swift; sourceTree = SOURCE_ROOT; };
		D25736AE22C3D3B600362F44 /* Employee.swift */ = {isa = PBXFileReference; fileEncoding = 4; lastKnownFileType = sourcecode.swift; path = Employee.swift; sourceTree = "<group>"; };
		D25736AF22C3D3B600362F44 /* Company.swift */ = {isa = PBXFileReference; fileEncoding = 4; lastKnownFileType = sourcecode.swift; path = Company.swift; sourceTree = "<group>"; };
		D25736B022C3D3B600362F44 /* Shifts.swift */ = {isa = PBXFileReference; fileEncoding = 4; lastKnownFileType = sourcecode.swift; path = Shifts.swift; sourceTree = "<group>"; };
		D25736DB22C5420C00362F44 /* KeyChainManager.swift */ = {isa = PBXFileReference; fileEncoding = 4; lastKnownFileType = sourcecode.swift; path = KeyChainManager.swift; sourceTree = "<group>"; };
		D25736DD22C5422400362F44 /* CustomCollectionReusableView.swift */ = {isa = PBXFileReference; fileEncoding = 4; lastKnownFileType = sourcecode.swift; path = CustomCollectionReusableView.swift; sourceTree = "<group>"; };
/* End PBXFileReference section */

/* Begin PBXFrameworksBuildPhase section */
		78CD0AFC22C1792B008C251C /* Frameworks */ = {
			isa = PBXFrameworksBuildPhase;
			buildActionMask = 2147483647;
			files = (
				788D2AA022C27F6300638CC7 /* FirebaseAuth.framework in Frameworks */,
				788D2AA222C27F6300638CC7 /* FirebaseCore.framework in Frameworks */,
				788D2AA422C27F6300638CC7 /* FirebaseDatabase.framework in Frameworks */,
				788D2AA622C27F6300638CC7 /* FirebaseInstanceID.framework in Frameworks */,
				48CCB20E41B22A8DE676E758 /* Pods_Punch.framework in Frameworks */,
			);
			runOnlyForDeploymentPostprocessing = 0;
		};
/* End PBXFrameworksBuildPhase section */

/* Begin PBXGroup section */
		25BF14AF22C9D21B007C219D /* Protocols */ = {
			isa = PBXGroup;
			children = (
				25BF14B022C9D259007C219D /* CompanyDataServiceProtocol.swift */,
				25BF14B222C9D444007C219D /* EmployeeDataServiceProtocol.swift */,
				25BF14B422C9D57D007C219D /* ShiftDataServiceProtocol.swift */,
			);
			path = Protocols;
			sourceTree = "<group>";
		};
		5707FBF9CD22BFC79E2E5773 /* Frameworks */ = {
			isa = PBXGroup;
			children = (
				788D2A9F22C27F6300638CC7 /* FirebaseAuth.framework */,
				788D2AA322C27F6300638CC7 /* FirebaseDatabase.framework */,
				788D2AA522C27F6300638CC7 /* FirebaseInstanceID.framework */,
				788D2AA122C27F6300638CC7 /* FirebaseCore.framework */,
				331EC6C1AFFCC905ACC49DE2 /* Pods_Punch.framework */,
			);
			name = Frameworks;
			sourceTree = "<group>";
		};
		643181576C7F77A151256AA1 /* Pods */ = {
			isa = PBXGroup;
			children = (
				25890DFB12F692ADE659F51F /* Pods-Punch.debug.xcconfig */,
				1170A086AF9EBF46D1F1B688 /* Pods-Punch.release.xcconfig */,
			);
			path = Pods;
			sourceTree = "<group>";
		};
		7869F44F22C66FBD00A8982C /* LottieAnimations */ = {
			isa = PBXGroup;
			children = (
				7869F45022C66FCE00A8982C /* success.json */,
				78515C0722C6D00600DBA4E4 /* openClose.json */,
				78B25E5622C7E99900254186 /* LoadingView.swift */,
			);
			path = LottieAnimations;
			sourceTree = "<group>";
		};
		78C2B9D622C573E400A95733 /* Xibs */ = {
			isa = PBXGroup;
			children = (
				D21FD8D822C8027C003970B1 /* CustomCell.xib */,
				78515C0D22C6D83800DBA4E4 /* SaveShiftTableViewCell.xib */,
				78C2B9D922C5757600A95733 /* DatePickerTableViewCell.xib */,
				78DB040222C690340015AB6F /* EmployeeTableViewCell.xib */,
				786A44F822CA5286004DF104 /* EmployeePayTableViewCell.xib */,
			);
			path = Xibs;
			sourceTree = "<group>";
		};
		78CD0AF622C1792B008C251C = {
			isa = PBXGroup;
			children = (
				78CD0B0122C1792C008C251C /* Punch */,
				78CD0B0022C1792C008C251C /* Products */,
				643181576C7F77A151256AA1 /* Pods */,
				5707FBF9CD22BFC79E2E5773 /* Frameworks */,
			);
			sourceTree = "<group>";
		};
		78CD0B0022C1792C008C251C /* Products */ = {
			isa = PBXGroup;
			children = (
				78CD0AFF22C1792C008C251C /* Punch.app */,
			);
			name = Products;
			sourceTree = "<group>";
		};
		78CD0B0122C1792C008C251C /* Punch */ = {
			isa = PBXGroup;
			children = (
				78819C2922C6993A00E5E3CA /* GradientView.swift */,
				78819C2022C6988100E5E3CA /* CustomCell.swift */,
				78819C2122C6988100E5E3CA /* Spring.swift */,
				2516AF1F22C3E79000475198 /* Punch.entitlements */,
				7869F44F22C66FBD00A8982C /* LottieAnimations */,
				78C2B9D622C573E400A95733 /* Xibs */,
				D25736A722C3D39500362F44 /* Model */,
				D25736A422C3D33E00362F44 /* Services */,
				78CD0B0222C1792C008C251C /* AppDelegate.swift */,
				257D8E9B22C272D100E90BD4 /* GoogleService-Info.plist */,
				78DB040022C68FD40015AB6F /* ViewControllers */,
				78DB040122C68FEA0015AB6F /* ReusableCells */,
				78CD0B0622C1792C008C251C /* Main.storyboard */,
				78CD0B0922C1792D008C251C /* Assets.xcassets */,
				78CD0B0B22C1792D008C251C /* LaunchScreen.storyboard */,
				78CD0B0E22C1792D008C251C /* Info.plist */,
				7855CD4D22C26FEC00650D7E /* Utils.swift */,
				7850E03E22C29F0200FAECED /* Punch-Bridging-Header.h */,
			);
			path = Punch;
			sourceTree = "<group>";
		};
		78DB040022C68FD40015AB6F /* ViewControllers */ = {
			isa = PBXGroup;
			children = (
				78819C2322C6988200E5E3CA /* InterfaceViewController.swift */,
				78CD0B0422C1792C008C251C /* LoginViewController.swift */,
				78CD0B1422C17F9B008C251C /* EmployeeViewController.swift */,
				783D5F9122C1927900645E11 /* AdminHomeViewController.swift */,
				783D5F9322C1970600645E11 /* AdminPayViewController.swift */,
				78C2B9CE22C544F600A95733 /* AddShiftViewController.swift */,
			);
			path = ViewControllers;
			sourceTree = "<group>";
		};
		78DB040122C68FEA0015AB6F /* ReusableCells */ = {
			isa = PBXGroup;
			children = (
				D25736DD22C5422400362F44 /* CustomCollectionReusableView.swift */,
				78CD0B1622C18216008C251C /* CollectionViewCell.swift */,
				78C2B9D222C571C800A95733 /* DatePickerTableViewCell.swift */,
				78DB040622C690F40015AB6F /* EmployeeTableViewCell.swift */,
				78515C0B22C6D74300DBA4E4 /* SaveShiftTableViewCell.swift */,
				786A44FA22CA5346004DF104 /* EmployeePayTableViewCell.swift */,
			);
			path = ReusableCells;
			sourceTree = "<group>";
		};
		D25736A422C3D33E00362F44 /* Services */ = {
			isa = PBXGroup;
			children = (
				25BF14AF22C9D21B007C219D /* Protocols */,
				D25736A522C3D38B00362F44 /* AuthService.swift */,
				D25736DB22C5420C00362F44 /* KeyChainManager.swift */,
				D25736A222C3D33200362F44 /* DataService.swift */,
				78BBF45E22C799AE00A1AA19 /* LocationManager.swift */,
			);
			path = Services;
			sourceTree = "<group>";
		};
		D25736A722C3D39500362F44 /* Model */ = {
			isa = PBXGroup;
			children = (
				D25736AF22C3D3B600362F44 /* Company.swift */,
				D25736AE22C3D3B600362F44 /* Employee.swift */,
				D25736B022C3D3B600362F44 /* Shifts.swift */,
				25BF14AB22C9D150007C219D /* ShiftManager.swift */,
				2516AF2222C3EB4E00475198 /* Credential.swift */,
				25BF14AD22C9D184007C219D /* PaymentManager.swift */,
			);
			path = Model;
			sourceTree = "<group>";
		};
/* End PBXGroup section */

/* Begin PBXHeadersBuildPhase section */
		7850E03F22C29FD600FAECED /* Headers */ = {
			isa = PBXHeadersBuildPhase;
			buildActionMask = 2147483647;
			files = (
				7850E04022C29FDE00FAECED /* Punch-Bridging-Header.h in Headers */,
			);
			runOnlyForDeploymentPostprocessing = 0;
		};
/* End PBXHeadersBuildPhase section */

/* Begin PBXNativeTarget section */
		78CD0AFE22C1792B008C251C /* Punch */ = {
			isa = PBXNativeTarget;
			buildConfigurationList = 78CD0B1122C1792D008C251C /* Build configuration list for PBXNativeTarget "Punch" */;
			buildPhases = (
				84649539DAFF39C7FE63A8DC /* [CP] Check Pods Manifest.lock */,
				7850E03F22C29FD600FAECED /* Headers */,
				78CD0AFB22C1792B008C251C /* Sources */,
				78CD0AFC22C1792B008C251C /* Frameworks */,
				78CD0AFD22C1792B008C251C /* Resources */,
				4C2BC979DBC10C1A5DF7C5A7 /* [CP] Embed Pods Frameworks */,
				25094DC322C53C4000573E5A /* ShellScript */,
			);
			buildRules = (
			);
			dependencies = (
			);
			name = Punch;
			productName = Punch;
			productReference = 78CD0AFF22C1792C008C251C /* Punch.app */;
			productType = "com.apple.product-type.application";
		};
/* End PBXNativeTarget section */

/* Begin PBXProject section */
		78CD0AF722C1792B008C251C /* Project object */ = {
			isa = PBXProject;
			attributes = {
				LastSwiftUpdateCheck = 1020;
				LastUpgradeCheck = 1020;
				ORGANIZATIONNAME = "Patrick Trudel";
				TargetAttributes = {
					78CD0AFE22C1792B008C251C = {
						CreatedOnToolsVersion = 10.2.1;
						SystemCapabilities = {
							com.apple.Keychain = {
								enabled = 1;
							};
						};
					};
				};
			};
			buildConfigurationList = 78CD0AFA22C1792B008C251C /* Build configuration list for PBXProject "Punch" */;
			compatibilityVersion = "Xcode 9.3";
			developmentRegion = en;
			hasScannedForEncodings = 0;
			knownRegions = (
				en,
				Base,
			);
			mainGroup = 78CD0AF622C1792B008C251C;
			productRefGroup = 78CD0B0022C1792C008C251C /* Products */;
			projectDirPath = "";
			projectRoot = "";
			targets = (
				78CD0AFE22C1792B008C251C /* Punch */,
			);
		};
/* End PBXProject section */

/* Begin PBXResourcesBuildPhase section */
		78CD0AFD22C1792B008C251C /* Resources */ = {
			isa = PBXResourcesBuildPhase;
			buildActionMask = 2147483647;
			files = (
				78C2B9DA22C5757600A95733 /* DatePickerTableViewCell.xib in Resources */,
				D21FD8D922C8027C003970B1 /* CustomCell.xib in Resources */,
				78515C0E22C6D83800DBA4E4 /* SaveShiftTableViewCell.xib in Resources */,
				78CD0B0D22C1792D008C251C /* LaunchScreen.storyboard in Resources */,
				78CD0B0A22C1792D008C251C /* Assets.xcassets in Resources */,
				78CD0B0822C1792C008C251C /* Main.storyboard in Resources */,
				786A44F922CA5286004DF104 /* EmployeePayTableViewCell.xib in Resources */,
				78DB040322C690340015AB6F /* EmployeeTableViewCell.xib in Resources */,
				257D8E9C22C272D200E90BD4 /* GoogleService-Info.plist in Resources */,
				7869F45122C66FCE00A8982C /* success.json in Resources */,
				78515C0822C6D00600DBA4E4 /* openClose.json in Resources */,
			);
			runOnlyForDeploymentPostprocessing = 0;
		};
/* End PBXResourcesBuildPhase section */

/* Begin PBXShellScriptBuildPhase section */
		25094DC322C53C4000573E5A /* ShellScript */ = {
			isa = PBXShellScriptBuildPhase;
			buildActionMask = 2147483647;
			files = (
			);
			inputFileListPaths = (
			);
			inputPaths = (
			);
			outputFileListPaths = (
			);
			outputPaths = (
			);
			runOnlyForDeploymentPostprocessing = 0;
			shellPath = /bin/sh;
			shellScript = "# Type a script or drag a script file from your workspace to insert its path.\nTAGS=\"TODO:|FIXME:\"\nERRORTAG=\"ERROR:\"\nfind \"${SRCROOT}\" \\( -name \"*.h\" -or -name \"*.m\" -or -name \"*.swift\" \\) -print0 | xargs -0 egrep --with-filename --line-number --only-matching \"($TAGS).*\\$|($ERRORTAG).*\\$\" | perl -p -e \"s/($TAGS)/ warning: \\$1/\" | perl -p -e \"s/($ERRORTAG)/ error: \\$1/\"\n";
		};
		4C2BC979DBC10C1A5DF7C5A7 /* [CP] Embed Pods Frameworks */ = {
			isa = PBXShellScriptBuildPhase;
			buildActionMask = 2147483647;
			files = (
			);
			inputFileListPaths = (
				"${PODS_ROOT}/Target Support Files/Pods-Punch/Pods-Punch-frameworks-${CONFIGURATION}-input-files.xcfilelist",
			);
			name = "[CP] Embed Pods Frameworks";
			outputFileListPaths = (
				"${PODS_ROOT}/Target Support Files/Pods-Punch/Pods-Punch-frameworks-${CONFIGURATION}-output-files.xcfilelist",
			);
			runOnlyForDeploymentPostprocessing = 0;
			shellPath = /bin/sh;
			shellScript = "\"${PODS_ROOT}/Target Support Files/Pods-Punch/Pods-Punch-frameworks.sh\"\n";
			showEnvVarsInLog = 0;
		};
		84649539DAFF39C7FE63A8DC /* [CP] Check Pods Manifest.lock */ = {
			isa = PBXShellScriptBuildPhase;
			buildActionMask = 2147483647;
			files = (
			);
			inputFileListPaths = (
			);
			inputPaths = (
				"${PODS_PODFILE_DIR_PATH}/Podfile.lock",
				"${PODS_ROOT}/Manifest.lock",
			);
			name = "[CP] Check Pods Manifest.lock";
			outputFileListPaths = (
			);
			outputPaths = (
				"$(DERIVED_FILE_DIR)/Pods-Punch-checkManifestLockResult.txt",
			);
			runOnlyForDeploymentPostprocessing = 0;
			shellPath = /bin/sh;
			shellScript = "diff \"${PODS_PODFILE_DIR_PATH}/Podfile.lock\" \"${PODS_ROOT}/Manifest.lock\" > /dev/null\nif [ $? != 0 ] ; then\n    # print error to STDERR\n    echo \"error: The sandbox is not in sync with the Podfile.lock. Run 'pod install' or update your CocoaPods installation.\" >&2\n    exit 1\nfi\n# This output is used by Xcode 'outputs' to avoid re-running this script phase.\necho \"SUCCESS\" > \"${SCRIPT_OUTPUT_FILE_0}\"\n";
			showEnvVarsInLog = 0;
		};
/* End PBXShellScriptBuildPhase section */

/* Begin PBXSourcesBuildPhase section */
		78CD0AFB22C1792B008C251C /* Sources */ = {
			isa = PBXSourcesBuildPhase;
			buildActionMask = 2147483647;
			files = (
				78819C2522C6988200E5E3CA /* Spring.swift in Sources */,
				78BBF45F22C799AE00A1AA19 /* LocationManager.swift in Sources */,
				786A44FB22CA5346004DF104 /* EmployeePayTableViewCell.swift in Sources */,
				78CD0B1522C17F9B008C251C /* EmployeeViewController.swift in Sources */,
				25BF14AE22C9D184007C219D /* PaymentManager.swift in Sources */,
				D25736B122C3D3B700362F44 /* Employee.swift in Sources */,
				78DB040722C690F40015AB6F /* EmployeeTableViewCell.swift in Sources */,
				78CD0B0522C1792C008C251C /* LoginViewController.swift in Sources */,
				25BF14B322C9D444007C219D /* EmployeeDataServiceProtocol.swift in Sources */,
				78C2B9CF22C544F600A95733 /* AddShiftViewController.swift in Sources */,
				78515C0C22C6D74300DBA4E4 /* SaveShiftTableViewCell.swift in Sources */,
				78CD0B1722C18216008C251C /* CollectionViewCell.swift in Sources */,
				783D5F9222C1927900645E11 /* AdminHomeViewController.swift in Sources */,
				25BF14B522C9D57D007C219D /* ShiftDataServiceProtocol.swift in Sources */,
				78B25E5722C7E99900254186 /* LoadingView.swift in Sources */,
				2516AF2322C3EB4E00475198 /* Credential.swift in Sources */,
				D25736DC22C5420C00362F44 /* KeyChainManager.swift in Sources */,
				78CD0B0322C1792C008C251C /* AppDelegate.swift in Sources */,
				D25736B322C3D3B700362F44 /* Shifts.swift in Sources */,
				D25736DE22C5422400362F44 /* CustomCollectionReusableView.swift in Sources */,
				78819C2B22C6993A00E5E3CA /* GradientView.swift in Sources */,
				D25736B222C3D3B700362F44 /* Company.swift in Sources */,
				783D5F9422C1970600645E11 /* AdminPayViewController.swift in Sources */,
				78819C2722C6988200E5E3CA /* InterfaceViewController.swift in Sources */,
				D25736A622C3D38B00362F44 /* AuthService.swift in Sources */,
				7855CD4E22C26FEC00650D7E /* Utils.swift in Sources */,
				D25736A322C3D33200362F44 /* DataService.swift in Sources */,
				78C2B9D422C571C800A95733 /* DatePickerTableViewCell.swift in Sources */,
				25BF14AC22C9D150007C219D /* ShiftManager.swift in Sources */,
				25BF14B122C9D259007C219D /* CompanyDataServiceProtocol.swift in Sources */,
				78819C2422C6988200E5E3CA /* CustomCell.swift in Sources */,
			);
			runOnlyForDeploymentPostprocessing = 0;
		};
/* End PBXSourcesBuildPhase section */

/* Begin PBXVariantGroup section */
		78CD0B0622C1792C008C251C /* Main.storyboard */ = {
			isa = PBXVariantGroup;
			children = (
				78CD0B0722C1792C008C251C /* Base */,
			);
			name = Main.storyboard;
			sourceTree = "<group>";
		};
		78CD0B0B22C1792D008C251C /* LaunchScreen.storyboard */ = {
			isa = PBXVariantGroup;
			children = (
				78CD0B0C22C1792D008C251C /* Base */,
			);
			name = LaunchScreen.storyboard;
			sourceTree = "<group>";
		};
/* End PBXVariantGroup section */

/* Begin XCBuildConfiguration section */
		78CD0B0F22C1792D008C251C /* Debug */ = {
			isa = XCBuildConfiguration;
			buildSettings = {
				ALWAYS_SEARCH_USER_PATHS = NO;
				CLANG_ANALYZER_NONNULL = YES;
				CLANG_ANALYZER_NUMBER_OBJECT_CONVERSION = YES_AGGRESSIVE;
				CLANG_CXX_LANGUAGE_STANDARD = "gnu++14";
				CLANG_CXX_LIBRARY = "libc++";
				CLANG_ENABLE_MODULES = YES;
				CLANG_ENABLE_OBJC_ARC = YES;
				CLANG_ENABLE_OBJC_WEAK = YES;
				CLANG_WARN_BLOCK_CAPTURE_AUTORELEASING = YES;
				CLANG_WARN_BOOL_CONVERSION = YES;
				CLANG_WARN_COMMA = YES;
				CLANG_WARN_CONSTANT_CONVERSION = YES;
				CLANG_WARN_DEPRECATED_OBJC_IMPLEMENTATIONS = YES;
				CLANG_WARN_DIRECT_OBJC_ISA_USAGE = YES_ERROR;
				CLANG_WARN_DOCUMENTATION_COMMENTS = YES;
				CLANG_WARN_EMPTY_BODY = YES;
				CLANG_WARN_ENUM_CONVERSION = YES;
				CLANG_WARN_INFINITE_RECURSION = YES;
				CLANG_WARN_INT_CONVERSION = YES;
				CLANG_WARN_NON_LITERAL_NULL_CONVERSION = YES;
				CLANG_WARN_OBJC_IMPLICIT_RETAIN_SELF = YES;
				CLANG_WARN_OBJC_LITERAL_CONVERSION = YES;
				CLANG_WARN_OBJC_ROOT_CLASS = YES_ERROR;
				CLANG_WARN_RANGE_LOOP_ANALYSIS = YES;
				CLANG_WARN_STRICT_PROTOTYPES = YES;
				CLANG_WARN_SUSPICIOUS_MOVE = YES;
				CLANG_WARN_UNGUARDED_AVAILABILITY = YES_AGGRESSIVE;
				CLANG_WARN_UNREACHABLE_CODE = YES;
				CLANG_WARN__DUPLICATE_METHOD_MATCH = YES;
				CODE_SIGN_IDENTITY = "iPhone Developer";
				COPY_PHASE_STRIP = NO;
				DEBUG_INFORMATION_FORMAT = dwarf;
				ENABLE_STRICT_OBJC_MSGSEND = YES;
				ENABLE_TESTABILITY = YES;
				GCC_C_LANGUAGE_STANDARD = gnu11;
				GCC_DYNAMIC_NO_PIC = NO;
				GCC_NO_COMMON_BLOCKS = YES;
				GCC_OPTIMIZATION_LEVEL = 0;
				GCC_PREPROCESSOR_DEFINITIONS = (
					"DEBUG=1",
					"$(inherited)",
				);
				GCC_WARN_64_TO_32_BIT_CONVERSION = YES;
				GCC_WARN_ABOUT_RETURN_TYPE = YES_ERROR;
				GCC_WARN_UNDECLARED_SELECTOR = YES;
				GCC_WARN_UNINITIALIZED_AUTOS = YES_AGGRESSIVE;
				GCC_WARN_UNUSED_FUNCTION = YES;
				GCC_WARN_UNUSED_VARIABLE = YES;
				IPHONEOS_DEPLOYMENT_TARGET = 12.2;
				MTL_ENABLE_DEBUG_INFO = INCLUDE_SOURCE;
				MTL_FAST_MATH = YES;
				ONLY_ACTIVE_ARCH = YES;
				SDKROOT = iphoneos;
				SWIFT_ACTIVE_COMPILATION_CONDITIONS = DEBUG;
				SWIFT_OPTIMIZATION_LEVEL = "-Onone";
			};
			name = Debug;
		};
		78CD0B1022C1792D008C251C /* Release */ = {
			isa = XCBuildConfiguration;
			buildSettings = {
				ALWAYS_SEARCH_USER_PATHS = NO;
				CLANG_ANALYZER_NONNULL = YES;
				CLANG_ANALYZER_NUMBER_OBJECT_CONVERSION = YES_AGGRESSIVE;
				CLANG_CXX_LANGUAGE_STANDARD = "gnu++14";
				CLANG_CXX_LIBRARY = "libc++";
				CLANG_ENABLE_MODULES = YES;
				CLANG_ENABLE_OBJC_ARC = YES;
				CLANG_ENABLE_OBJC_WEAK = YES;
				CLANG_WARN_BLOCK_CAPTURE_AUTORELEASING = YES;
				CLANG_WARN_BOOL_CONVERSION = YES;
				CLANG_WARN_COMMA = YES;
				CLANG_WARN_CONSTANT_CONVERSION = YES;
				CLANG_WARN_DEPRECATED_OBJC_IMPLEMENTATIONS = YES;
				CLANG_WARN_DIRECT_OBJC_ISA_USAGE = YES_ERROR;
				CLANG_WARN_DOCUMENTATION_COMMENTS = YES;
				CLANG_WARN_EMPTY_BODY = YES;
				CLANG_WARN_ENUM_CONVERSION = YES;
				CLANG_WARN_INFINITE_RECURSION = YES;
				CLANG_WARN_INT_CONVERSION = YES;
				CLANG_WARN_NON_LITERAL_NULL_CONVERSION = YES;
				CLANG_WARN_OBJC_IMPLICIT_RETAIN_SELF = YES;
				CLANG_WARN_OBJC_LITERAL_CONVERSION = YES;
				CLANG_WARN_OBJC_ROOT_CLASS = YES_ERROR;
				CLANG_WARN_RANGE_LOOP_ANALYSIS = YES;
				CLANG_WARN_STRICT_PROTOTYPES = YES;
				CLANG_WARN_SUSPICIOUS_MOVE = YES;
				CLANG_WARN_UNGUARDED_AVAILABILITY = YES_AGGRESSIVE;
				CLANG_WARN_UNREACHABLE_CODE = YES;
				CLANG_WARN__DUPLICATE_METHOD_MATCH = YES;
				CODE_SIGN_IDENTITY = "iPhone Developer";
				COPY_PHASE_STRIP = NO;
				DEBUG_INFORMATION_FORMAT = "dwarf-with-dsym";
				ENABLE_NS_ASSERTIONS = NO;
				ENABLE_STRICT_OBJC_MSGSEND = YES;
				GCC_C_LANGUAGE_STANDARD = gnu11;
				GCC_NO_COMMON_BLOCKS = YES;
				GCC_WARN_64_TO_32_BIT_CONVERSION = YES;
				GCC_WARN_ABOUT_RETURN_TYPE = YES_ERROR;
				GCC_WARN_UNDECLARED_SELECTOR = YES;
				GCC_WARN_UNINITIALIZED_AUTOS = YES_AGGRESSIVE;
				GCC_WARN_UNUSED_FUNCTION = YES;
				GCC_WARN_UNUSED_VARIABLE = YES;
				IPHONEOS_DEPLOYMENT_TARGET = 12.2;
				MTL_ENABLE_DEBUG_INFO = NO;
				MTL_FAST_MATH = YES;
				SDKROOT = iphoneos;
				SWIFT_COMPILATION_MODE = wholemodule;
				SWIFT_OPTIMIZATION_LEVEL = "-O";
				VALIDATE_PRODUCT = YES;
			};
			name = Release;
		};
		78CD0B1222C1792D008C251C /* Debug */ = {
			isa = XCBuildConfiguration;
			baseConfigurationReference = 25890DFB12F692ADE659F51F /* Pods-Punch.debug.xcconfig */;
			buildSettings = {
				ASSETCATALOG_COMPILER_APPICON_NAME = AppIcon;
				CODE_SIGN_ENTITLEMENTS = Punch/Punch.entitlements;
				CODE_SIGN_STYLE = Automatic;
				DEVELOPMENT_TEAM = DTTK359L6E;
				INFOPLIST_FILE = Punch/Info.plist;
				LD_RUNPATH_SEARCH_PATHS = (
					"$(inherited)",
					"@executable_path/Frameworks",
				);
				PRODUCT_BUNDLE_IDENTIFIER = com.trudev.Punch;
				PRODUCT_NAME = "$(TARGET_NAME)";
				SWIFT_OBJC_BRIDGING_HEADER = "Punch/Punch-Bridging-Header.h";
				SWIFT_VERSION = 5.0;
				TARGETED_DEVICE_FAMILY = "1,2";
			};
			name = Debug;
		};
		78CD0B1322C1792D008C251C /* Release */ = {
			isa = XCBuildConfiguration;
			baseConfigurationReference = 1170A086AF9EBF46D1F1B688 /* Pods-Punch.release.xcconfig */;
			buildSettings = {
				ASSETCATALOG_COMPILER_APPICON_NAME = AppIcon;
				CODE_SIGN_ENTITLEMENTS = Punch/Punch.entitlements;
				CODE_SIGN_STYLE = Automatic;
				DEVELOPMENT_TEAM = DTTK359L6E;
				INFOPLIST_FILE = Punch/Info.plist;
				LD_RUNPATH_SEARCH_PATHS = (
					"$(inherited)",
					"@executable_path/Frameworks",
				);
				PRODUCT_BUNDLE_IDENTIFIER = com.trudev.Punch;
				PRODUCT_NAME = "$(TARGET_NAME)";
				SWIFT_OBJC_BRIDGING_HEADER = "Punch/Punch-Bridging-Header.h";
				SWIFT_VERSION = 5.0;
				TARGETED_DEVICE_FAMILY = "1,2";
			};
			name = Release;
		};
/* End XCBuildConfiguration section */

/* Begin XCConfigurationList section */
		78CD0AFA22C1792B008C251C /* Build configuration list for PBXProject "Punch" */ = {
			isa = XCConfigurationList;
			buildConfigurations = (
				78CD0B0F22C1792D008C251C /* Debug */,
				78CD0B1022C1792D008C251C /* Release */,
			);
			defaultConfigurationIsVisible = 0;
			defaultConfigurationName = Release;
		};
		78CD0B1122C1792D008C251C /* Build configuration list for PBXNativeTarget "Punch" */ = {
			isa = XCConfigurationList;
			buildConfigurations = (
				78CD0B1222C1792D008C251C /* Debug */,
				78CD0B1322C1792D008C251C /* Release */,
			);
			defaultConfigurationIsVisible = 0;
			defaultConfigurationName = Release;
		};
/* End XCConfigurationList section */
	};
	rootObject = 78CD0AF722C1792B008C251C /* Project object */;
}
