// !$*UTF8*$!
{
	archiveVersion = 1;
	classes = {
	};
	objectVersion = 51;
	objects = {

/* Begin PBXBuildFile section */
		257D8E9C22C272D200E90BD4 /* GoogleService-Info.plist in Resources */ = {isa = PBXBuildFile; fileRef = 257D8E9B22C272D100E90BD4 /* GoogleService-Info.plist */; };
		48CCB20E41B22A8DE676E758 /* Pods_Punch.framework in Frameworks */ = {isa = PBXBuildFile; fileRef = 331EC6C1AFFCC905ACC49DE2 /* Pods_Punch.framework */; };
		783D5F9222C1927900645E11 /* AdminTodayViewController.swift in Sources */ = {isa = PBXBuildFile; fileRef = 783D5F9122C1927900645E11 /* AdminTodayViewController.swift */; };
		783D5F9422C1970600645E11 /* AdminPayViewController.swift in Sources */ = {isa = PBXBuildFile; fileRef = 783D5F9322C1970600645E11 /* AdminPayViewController.swift */; };
		783D5F9622C19C7B00645E11 /* AdminHistoryViewController.swift in Sources */ = {isa = PBXBuildFile; fileRef = 783D5F9522C19C7B00645E11 /* AdminHistoryViewController.swift */; };
		7850E04022C29FDE00FAECED /* Punch-Bridging-Header.h in Headers */ = {isa = PBXBuildFile; fileRef = 7850E03E22C29F0200FAECED /* Punch-Bridging-Header.h */; };
		7855CD4E22C26FEC00650D7E /* Utils.swift in Sources */ = {isa = PBXBuildFile; fileRef = 7855CD4D22C26FEC00650D7E /* Utils.swift */; };
		788D2AA022C27F6300638CC7 /* FirebaseAuth.framework in Frameworks */ = {isa = PBXBuildFile; fileRef = 788D2A9F22C27F6300638CC7 /* FirebaseAuth.framework */; };
		788D2AA222C27F6300638CC7 /* FirebaseCore.framework in Frameworks */ = {isa = PBXBuildFile; fileRef = 788D2AA122C27F6300638CC7 /* FirebaseCore.framework */; };
		788D2AA422C27F6300638CC7 /* FirebaseDatabase.framework in Frameworks */ = {isa = PBXBuildFile; fileRef = 788D2AA322C27F6300638CC7 /* FirebaseDatabase.framework */; };
		788D2AA622C27F6300638CC7 /* FirebaseInstanceID.framework in Frameworks */ = {isa = PBXBuildFile; fileRef = 788D2AA522C27F6300638CC7 /* FirebaseInstanceID.framework */; };
		78CD0B0322C1792C008C251C /* AppDelegate.swift in Sources */ = {isa = PBXBuildFile; fileRef = 78CD0B0222C1792C008C251C /* AppDelegate.swift */; };
		78CD0B0522C1792C008C251C /* LoginViewController.swift in Sources */ = {isa = PBXBuildFile; fileRef = 78CD0B0422C1792C008C251C /* LoginViewController.swift */; };
		78CD0B0822C1792C008C251C /* Main.storyboard in Resources */ = {isa = PBXBuildFile; fileRef = 78CD0B0622C1792C008C251C /* Main.storyboard */; };
		78CD0B0A22C1792D008C251C /* Assets.xcassets in Resources */ = {isa = PBXBuildFile; fileRef = 78CD0B0922C1792D008C251C /* Assets.xcassets */; };
		78CD0B0D22C1792D008C251C /* LaunchScreen.storyboard in Resources */ = {isa = PBXBuildFile; fileRef = 78CD0B0B22C1792D008C251C /* LaunchScreen.storyboard */; };
		78CD0B1522C17F9B008C251C /* EmployeeViewController.swift in Sources */ = {isa = PBXBuildFile; fileRef = 78CD0B1422C17F9B008C251C /* EmployeeViewController.swift */; };
		78CD0B1722C18216008C251C /* CollectionViewCell.swift in Sources */ = {isa = PBXBuildFile; fileRef = 78CD0B1622C18216008C251C /* CollectionViewCell.swift */; };
/* End PBXBuildFile section */

/* Begin PBXFileReference section */
		1170A086AF9EBF46D1F1B688 /* Pods-Punch.release.xcconfig */ = {isa = PBXFileReference; includeInIndex = 1; lastKnownFileType = text.xcconfig; name = "Pods-Punch.release.xcconfig"; path = "Target Support Files/Pods-Punch/Pods-Punch.release.xcconfig"; sourceTree = "<group>"; };
		257D8E9B22C272D100E90BD4 /* GoogleService-Info.plist */ = {isa = PBXFileReference; fileEncoding = 4; lastKnownFileType = text.plist.xml; path = "GoogleService-Info.plist"; sourceTree = "<group>"; };
		25890DFB12F692ADE659F51F /* Pods-Punch.debug.xcconfig */ = {isa = PBXFileReference; includeInIndex = 1; lastKnownFileType = text.xcconfig; name = "Pods-Punch.debug.xcconfig"; path = "Target Support Files/Pods-Punch/Pods-Punch.debug.xcconfig"; sourceTree = "<group>"; };
		331EC6C1AFFCC905ACC49DE2 /* Pods_Punch.framework */ = {isa = PBXFileReference; explicitFileType = wrapper.framework; includeInIndex = 0; path = Pods_Punch.framework; sourceTree = BUILT_PRODUCTS_DIR; };
		783D5F9122C1927900645E11 /* AdminTodayViewController.swift */ = {isa = PBXFileReference; lastKnownFileType = sourcecode.swift; path = AdminTodayViewController.swift; sourceTree = "<group>"; };
		783D5F9322C1970600645E11 /* AdminPayViewController.swift */ = {isa = PBXFileReference; lastKnownFileType = sourcecode.swift; path = AdminPayViewController.swift; sourceTree = "<group>"; };
		783D5F9522C19C7B00645E11 /* AdminHistoryViewController.swift */ = {isa = PBXFileReference; lastKnownFileType = sourcecode.swift; path = AdminHistoryViewController.swift; sourceTree = "<group>"; };
		7850E03E22C29F0200FAECED /* Punch-Bridging-Header.h */ = {isa = PBXFileReference; lastKnownFileType = sourcecode.c.h; path = "Punch-Bridging-Header.h"; sourceTree = "<group>"; };
		7855CD4D22C26FEC00650D7E /* Utils.swift */ = {isa = PBXFileReference; lastKnownFileType = sourcecode.swift; path = Utils.swift; sourceTree = "<group>"; };
		788D2A9F22C27F6300638CC7 /* FirebaseAuth.framework */ = {isa = PBXFileReference; explicitFileType = wrapper.framework; path = FirebaseAuth.framework; sourceTree = BUILT_PRODUCTS_DIR; };
		788D2AA122C27F6300638CC7 /* FirebaseCore.framework */ = {isa = PBXFileReference; explicitFileType = wrapper.framework; path = FirebaseCore.framework; sourceTree = BUILT_PRODUCTS_DIR; };
		788D2AA322C27F6300638CC7 /* FirebaseDatabase.framework */ = {isa = PBXFileReference; explicitFileType = wrapper.framework; path = FirebaseDatabase.framework; sourceTree = BUILT_PRODUCTS_DIR; };
		788D2AA522C27F6300638CC7 /* FirebaseInstanceID.framework */ = {isa = PBXFileReference; explicitFileType = wrapper.framework; path = FirebaseInstanceID.framework; sourceTree = BUILT_PRODUCTS_DIR; };
		78CD0AFF22C1792C008C251C /* Punch.app */ = {isa = PBXFileReference; explicitFileType = wrapper.application; includeInIndex = 0; path = Punch.app; sourceTree = BUILT_PRODUCTS_DIR; };
		78CD0B0222C1792C008C251C /* AppDelegate.swift */ = {isa = PBXFileReference; lastKnownFileType = sourcecode.swift; path = AppDelegate.swift; sourceTree = "<group>"; };
		78CD0B0422C1792C008C251C /* LoginViewController.swift */ = {isa = PBXFileReference; lastKnownFileType = sourcecode.swift; path = LoginViewController.swift; sourceTree = "<group>"; };
		78CD0B0722C1792C008C251C /* Base */ = {isa = PBXFileReference; lastKnownFileType = file.storyboard; name = Base; path = Base.lproj/Main.storyboard; sourceTree = "<group>"; };
		78CD0B0922C1792D008C251C /* Assets.xcassets */ = {isa = PBXFileReference; lastKnownFileType = folder.assetcatalog; path = Assets.xcassets; sourceTree = "<group>"; };
		78CD0B0C22C1792D008C251C /* Base */ = {isa = PBXFileReference; lastKnownFileType = file.storyboard; name = Base; path = Base.lproj/LaunchScreen.storyboard; sourceTree = "<group>"; };
		78CD0B0E22C1792D008C251C /* Info.plist */ = {isa = PBXFileReference; lastKnownFileType = text.plist.xml; path = Info.plist; sourceTree = "<group>"; };
		78CD0B1422C17F9B008C251C /* EmployeeViewController.swift */ = {isa = PBXFileReference; lastKnownFileType = sourcecode.swift; path = EmployeeViewController.swift; sourceTree = "<group>"; };
		78CD0B1622C18216008C251C /* CollectionViewCell.swift */ = {isa = PBXFileReference; lastKnownFileType = sourcecode.swift; path = CollectionViewCell.swift; sourceTree = "<group>"; };
/* End PBXFileReference section */

/* Begin PBXFrameworksBuildPhase section */
		78CD0AFC22C1792B008C251C /* Frameworks */ = {
			isa = PBXFrameworksBuildPhase;
			buildActionMask = 2147483647;
			files = (
				788D2AA022C27F6300638CC7 /* FirebaseAuth.framework in Frameworks */,
				788D2AA222C27F6300638CC7 /* FirebaseCore.framework in Frameworks */,
				788D2AA422C27F6300638CC7 /* FirebaseDatabase.framework in Frameworks */,
				788D2AA622C27F6300638CC7 /* FirebaseInstanceID.framework in Frameworks */,
				48CCB20E41B22A8DE676E758 /* Pods_Punch.framework in Frameworks */,
			);
			runOnlyForDeploymentPostprocessing = 0;
		};
/* End PBXFrameworksBuildPhase section */

/* Begin PBXGroup section */
		5707FBF9CD22BFC79E2E5773 /* Frameworks */ = {
			isa = PBXGroup;
			children = (
				788D2A9F22C27F6300638CC7 /* FirebaseAuth.framework */,
				788D2AA122C27F6300638CC7 /* FirebaseCore.framework */,
				788D2AA322C27F6300638CC7 /* FirebaseDatabase.framework */,
				788D2AA522C27F6300638CC7 /* FirebaseInstanceID.framework */,
				331EC6C1AFFCC905ACC49DE2 /* Pods_Punch.framework */,
			);
			name = Frameworks;
			sourceTree = "<group>";
		};
		643181576C7F77A151256AA1 /* Pods */ = {
			isa = PBXGroup;
			children = (
				25890DFB12F692ADE659F51F /* Pods-Punch.debug.xcconfig */,
				1170A086AF9EBF46D1F1B688 /* Pods-Punch.release.xcconfig */,
			);
			path = Pods;
			sourceTree = "<group>";
		};
		78CD0AF622C1792B008C251C = {
			isa = PBXGroup;
			children = (
				78CD0B0122C1792C008C251C /* Punch */,
				78CD0B0022C1792C008C251C /* Products */,
				643181576C7F77A151256AA1 /* Pods */,
				5707FBF9CD22BFC79E2E5773 /* Frameworks */,
			);
			sourceTree = "<group>";
		};
		78CD0B0022C1792C008C251C /* Products */ = {
			isa = PBXGroup;
			children = (
				78CD0AFF22C1792C008C251C /* Punch.app */,
			);
			name = Products;
			sourceTree = "<group>";
		};
		78CD0B0122C1792C008C251C /* Punch */ = {
			isa = PBXGroup;
			children = (
				78CD0B0222C1792C008C251C /* AppDelegate.swift */,
				257D8E9B22C272D100E90BD4 /* GoogleService-Info.plist */,
				78CD0B0422C1792C008C251C /* LoginViewController.swift */,
				78CD0B1422C17F9B008C251C /* EmployeeViewController.swift */,
				783D5F9522C19C7B00645E11 /* AdminHistoryViewController.swift */,
				783D5F9122C1927900645E11 /* AdminTodayViewController.swift */,
				783D5F9322C1970600645E11 /* AdminPayViewController.swift */,
				78CD0B1622C18216008C251C /* CollectionViewCell.swift */,
				78CD0B0622C1792C008C251C /* Main.storyboard */,
				78CD0B0922C1792D008C251C /* Assets.xcassets */,
				78CD0B0B22C1792D008C251C /* LaunchScreen.storyboard */,
				78CD0B0E22C1792D008C251C /* Info.plist */,
				7855CD4D22C26FEC00650D7E /* Utils.swift */,
				7850E03E22C29F0200FAECED /* Punch-Bridging-Header.h */,
			);
			path = Punch;
			sourceTree = "<group>";
		};
/* End PBXGroup section */

/* Begin PBXHeadersBuildPhase section */
		7850E03F22C29FD600FAECED /* Headers */ = {
			isa = PBXHeadersBuildPhase;
			buildActionMask = 2147483647;
			files = (
				7850E04022C29FDE00FAECED /* Punch-Bridging-Header.h in Headers */,
			);
			runOnlyForDeploymentPostprocessing = 0;
		};
/* End PBXHeadersBuildPhase section */

/* Begin PBXNativeTarget section */
		78CD0AFE22C1792B008C251C /* Punch */ = {
			isa = PBXNativeTarget;
			buildConfigurationList = 78CD0B1122C1792D008C251C /* Build configuration list for PBXNativeTarget "Punch" */;
			buildPhases = (
				84649539DAFF39C7FE63A8DC /* [CP] Check Pods Manifest.lock */,
				7850E03F22C29FD600FAECED /* Headers */,
				78CD0AFB22C1792B008C251C /* Sources */,
				78CD0AFC22C1792B008C251C /* Frameworks */,
				78CD0AFD22C1792B008C251C /* Resources */,
				4C2BC979DBC10C1A5DF7C5A7 /* [CP] Embed Pods Frameworks */,
			);
			buildRules = (
			);
			dependencies = (
			);
			name = Punch;
			productName = Punch;
			productReference = 78CD0AFF22C1792C008C251C /* Punch.app */;
			productType = "com.apple.product-type.application";
		};
/* End PBXNativeTarget section */

/* Begin PBXProject section */
		78CD0AF722C1792B008C251C /* Project object */ = {
			isa = PBXProject;
			attributes = {
				LastSwiftUpdateCheck = 1020;
				LastUpgradeCheck = 1020;
				ORGANIZATIONNAME = "Patrick Trudel";
				TargetAttributes = {
					78CD0AFE22C1792B008C251C = {
						CreatedOnToolsVersion = 10.2.1;
					};
				};
			};
			buildConfigurationList = 78CD0AFA22C1792B008C251C /* Build configuration list for PBXProject "Punch" */;
			compatibilityVersion = "Xcode 9.3";
			developmentRegion = en;
			hasScannedForEncodings = 0;
			knownRegions = (
				en,
				Base,
			);
			mainGroup = 78CD0AF622C1792B008C251C;
			productRefGroup = 78CD0B0022C1792C008C251C /* Products */;
			projectDirPath = "";
			projectRoot = "";
			targets = (
				78CD0AFE22C1792B008C251C /* Punch */,
			);
		};
/* End PBXProject section */

/* Begin PBXResourcesBuildPhase section */
		78CD0AFD22C1792B008C251C /* Resources */ = {
			isa = PBXResourcesBuildPhase;
			buildActionMask = 2147483647;
			files = (
				78CD0B0D22C1792D008C251C /* LaunchScreen.storyboard in Resources */,
				78CD0B0A22C1792D008C251C /* Assets.xcassets in Resources */,
				78CD0B0822C1792C008C251C /* Main.storyboard in Resources */,
				257D8E9C22C272D200E90BD4 /* GoogleService-Info.plist in Resources */,
			);
			runOnlyForDeploymentPostprocessing = 0;
		};
/* End PBXResourcesBuildPhase section */

/* Begin PBXShellScriptBuildPhase section */
		4C2BC979DBC10C1A5DF7C5A7 /* [CP] Embed Pods Frameworks */ = {
			isa = PBXShellScriptBuildPhase;
			buildActionMask = 2147483647;
			files = (
			);
			inputFileListPaths = (
				"${PODS_ROOT}/Target Support Files/Pods-Punch/Pods-Punch-frameworks-${CONFIGURATION}-input-files.xcfilelist",
			);
			name = "[CP] Embed Pods Frameworks";
			outputFileListPaths = (
				"${PODS_ROOT}/Target Support Files/Pods-Punch/Pods-Punch-frameworks-${CONFIGURATION}-output-files.xcfilelist",
			);
			runOnlyForDeploymentPostprocessing = 0;
			shellPath = /bin/sh;
			shellScript = "\"${PODS_ROOT}/Target Support Files/Pods-Punch/Pods-Punch-frameworks.sh\"\n";
			showEnvVarsInLog = 0;
		};
		84649539DAFF39C7FE63A8DC /* [CP] Check Pods Manifest.lock */ = {
			isa = PBXShellScriptBuildPhase;
			buildActionMask = 2147483647;
			files = (
			);
			inputFileListPaths = (
			);
			inputPaths = (
				"${PODS_PODFILE_DIR_PATH}/Podfile.lock",
				"${PODS_ROOT}/Manifest.lock",
			);
			name = "[CP] Check Pods Manifest.lock";
			outputFileListPaths = (
			);
			outputPaths = (
				"$(DERIVED_FILE_DIR)/Pods-Punch-checkManifestLockResult.txt",
			);
			runOnlyForDeploymentPostprocessing = 0;
			shellPath = /bin/sh;
			shellScript = "diff \"${PODS_PODFILE_DIR_PATH}/Podfile.lock\" \"${PODS_ROOT}/Manifest.lock\" > /dev/null\nif [ $? != 0 ] ; then\n    # print error to STDERR\n    echo \"error: The sandbox is not in sync with the Podfile.lock. Run 'pod install' or update your CocoaPods installation.\" >&2\n    exit 1\nfi\n# This output is used by Xcode 'outputs' to avoid re-running this script phase.\necho \"SUCCESS\" > \"${SCRIPT_OUTPUT_FILE_0}\"\n";
			showEnvVarsInLog = 0;
		};
/* End PBXShellScriptBuildPhase section */

/* Begin PBXSourcesBuildPhase section */
		78CD0AFB22C1792B008C251C /* Sources */ = {
			isa = PBXSourcesBuildPhase;
			buildActionMask = 2147483647;
			files = (
				783D5F9622C19C7B00645E11 /* AdminHistoryViewController.swift in Sources */,
				78CD0B1522C17F9B008C251C /* EmployeeViewController.swift in Sources */,
				78CD0B0522C1792C008C251C /* LoginViewController.swift in Sources */,
				78CD0B1722C18216008C251C /* CollectionViewCell.swift in Sources */,
				783D5F9222C1927900645E11 /* AdminTodayViewController.swift in Sources */,
				78CD0B0322C1792C008C251C /* AppDelegate.swift in Sources */,
				783D5F9422C1970600645E11 /* AdminPayViewController.swift in Sources */,
				7855CD4E22C26FEC00650D7E /* Utils.swift in Sources */,
			);
			runOnlyForDeploymentPostprocessing = 0;
		};
/* End PBXSourcesBuildPhase section */

/* Begin PBXVariantGroup section */
		78CD0B0622C1792C008C251C /* Main.storyboard */ = {
			isa = PBXVariantGroup;
			children = (
				78CD0B0722C1792C008C251C /* Base */,
			);
			name = Main.storyboard;
			sourceTree = "<group>";
		};
		78CD0B0B22C1792D008C251C /* LaunchScreen.storyboard */ = {
			isa = PBXVariantGroup;
			children = (
				78CD0B0C22C1792D008C251C /* Base */,
			);
			name = LaunchScreen.storyboard;
			sourceTree = "<group>";
		};
/* End PBXVariantGroup section */

/* Begin XCBuildConfiguration section */
		78CD0B0F22C1792D008C251C /* Debug */ = {
			isa = XCBuildConfiguration;
			buildSettings = {
				ALWAYS_SEARCH_USER_PATHS = NO;
				CLANG_ANALYZER_NONNULL = YES;
				CLANG_ANALYZER_NUMBER_OBJECT_CONVERSION = YES_AGGRESSIVE;
				CLANG_CXX_LANGUAGE_STANDARD = "gnu++14";
				CLANG_CXX_LIBRARY = "libc++";
				CLANG_ENABLE_MODULES = YES;
				CLANG_ENABLE_OBJC_ARC = YES;
				CLANG_ENABLE_OBJC_WEAK = YES;
				CLANG_WARN_BLOCK_CAPTURE_AUTORELEASING = YES;
				CLANG_WARN_BOOL_CONVERSION = YES;
				CLANG_WARN_COMMA = YES;
				CLANG_WARN_CONSTANT_CONVERSION = YES;
				CLANG_WARN_DEPRECATED_OBJC_IMPLEMENTATIONS = YES;
				CLANG_WARN_DIRECT_OBJC_ISA_USAGE = YES_ERROR;
				CLANG_WARN_DOCUMENTATION_COMMENTS = YES;
				CLANG_WARN_EMPTY_BODY = YES;
				CLANG_WARN_ENUM_CONVERSION = YES;
				CLANG_WARN_INFINITE_RECURSION = YES;
				CLANG_WARN_INT_CONVERSION = YES;
				CLANG_WARN_NON_LITERAL_NULL_CONVERSION = YES;
				CLANG_WARN_OBJC_IMPLICIT_RETAIN_SELF = YES;
				CLANG_WARN_OBJC_LITERAL_CONVERSION = YES;
				CLANG_WARN_OBJC_ROOT_CLASS = YES_ERROR;
				CLANG_WARN_RANGE_LOOP_ANALYSIS = YES;
				CLANG_WARN_STRICT_PROTOTYPES = YES;
				CLANG_WARN_SUSPICIOUS_MOVE = YES;
				CLANG_WARN_UNGUARDED_AVAILABILITY = YES_AGGRESSIVE;
				CLANG_WARN_UNREACHABLE_CODE = YES;
				CLANG_WARN__DUPLICATE_METHOD_MATCH = YES;
				CODE_SIGN_IDENTITY = "iPhone Developer";
				COPY_PHASE_STRIP = NO;
				DEBUG_INFORMATION_FORMAT = dwarf;
				ENABLE_STRICT_OBJC_MSGSEND = YES;
				ENABLE_TESTABILITY = YES;
				GCC_C_LANGUAGE_STANDARD = gnu11;
				GCC_DYNAMIC_NO_PIC = NO;
				GCC_NO_COMMON_BLOCKS = YES;
				GCC_OPTIMIZATION_LEVEL = 0;
				GCC_PREPROCESSOR_DEFINITIONS = (
					"DEBUG=1",
					"$(inherited)",
				);
				GCC_WARN_64_TO_32_BIT_CONVERSION = YES;
				GCC_WARN_ABOUT_RETURN_TYPE = YES_ERROR;
				GCC_WARN_UNDECLARED_SELECTOR = YES;
				GCC_WARN_UNINITIALIZED_AUTOS = YES_AGGRESSIVE;
				GCC_WARN_UNUSED_FUNCTION = YES;
				GCC_WARN_UNUSED_VARIABLE = YES;
				IPHONEOS_DEPLOYMENT_TARGET = 12.2;
				MTL_ENABLE_DEBUG_INFO = INCLUDE_SOURCE;
				MTL_FAST_MATH = YES;
				ONLY_ACTIVE_ARCH = YES;
				SDKROOT = iphoneos;
				SWIFT_ACTIVE_COMPILATION_CONDITIONS = DEBUG;
				SWIFT_OPTIMIZATION_LEVEL = "-Onone";
			};
			name = Debug;
		};
		78CD0B1022C1792D008C251C /* Release */ = {
			isa = XCBuildConfiguration;
			buildSettings = {
				ALWAYS_SEARCH_USER_PATHS = NO;
				CLANG_ANALYZER_NONNULL = YES;
				CLANG_ANALYZER_NUMBER_OBJECT_CONVERSION = YES_AGGRESSIVE;
				CLANG_CXX_LANGUAGE_STANDARD = "gnu++14";
				CLANG_CXX_LIBRARY = "libc++";
				CLANG_ENABLE_MODULES = YES;
				CLANG_ENABLE_OBJC_ARC = YES;
				CLANG_ENABLE_OBJC_WEAK = YES;
				CLANG_WARN_BLOCK_CAPTURE_AUTORELEASING = YES;
				CLANG_WARN_BOOL_CONVERSION = YES;
				CLANG_WARN_COMMA = YES;
				CLANG_WARN_CONSTANT_CONVERSION = YES;
				CLANG_WARN_DEPRECATED_OBJC_IMPLEMENTATIONS = YES;
				CLANG_WARN_DIRECT_OBJC_ISA_USAGE = YES_ERROR;
				CLANG_WARN_DOCUMENTATION_COMMENTS = YES;
				CLANG_WARN_EMPTY_BODY = YES;
				CLANG_WARN_ENUM_CONVERSION = YES;
				CLANG_WARN_INFINITE_RECURSION = YES;
				CLANG_WARN_INT_CONVERSION = YES;
				CLANG_WARN_NON_LITERAL_NULL_CONVERSION = YES;
				CLANG_WARN_OBJC_IMPLICIT_RETAIN_SELF = YES;
				CLANG_WARN_OBJC_LITERAL_CONVERSION = YES;
				CLANG_WARN_OBJC_ROOT_CLASS = YES_ERROR;
				CLANG_WARN_RANGE_LOOP_ANALYSIS = YES;
				CLANG_WARN_STRICT_PROTOTYPES = YES;
				CLANG_WARN_SUSPICIOUS_MOVE = YES;
				CLANG_WARN_UNGUARDED_AVAILABILITY = YES_AGGRESSIVE;
				CLANG_WARN_UNREACHABLE_CODE = YES;
				CLANG_WARN__DUPLICATE_METHOD_MATCH = YES;
				CODE_SIGN_IDENTITY = "iPhone Developer";
				COPY_PHASE_STRIP = NO;
				DEBUG_INFORMATION_FORMAT = "dwarf-with-dsym";
				ENABLE_NS_ASSERTIONS = NO;
				ENABLE_STRICT_OBJC_MSGSEND = YES;
				GCC_C_LANGUAGE_STANDARD = gnu11;
				GCC_NO_COMMON_BLOCKS = YES;
				GCC_WARN_64_TO_32_BIT_CONVERSION = YES;
				GCC_WARN_ABOUT_RETURN_TYPE = YES_ERROR;
				GCC_WARN_UNDECLARED_SELECTOR = YES;
				GCC_WARN_UNINITIALIZED_AUTOS = YES_AGGRESSIVE;
				GCC_WARN_UNUSED_FUNCTION = YES;
				GCC_WARN_UNUSED_VARIABLE = YES;
				IPHONEOS_DEPLOYMENT_TARGET = 12.2;
				MTL_ENABLE_DEBUG_INFO = NO;
				MTL_FAST_MATH = YES;
				SDKROOT = iphoneos;
				SWIFT_COMPILATION_MODE = wholemodule;
				SWIFT_OPTIMIZATION_LEVEL = "-O";
				VALIDATE_PRODUCT = YES;
			};
			name = Release;
		};
		78CD0B1222C1792D008C251C /* Debug */ = {
			isa = XCBuildConfiguration;
			baseConfigurationReference = 25890DFB12F692ADE659F51F /* Pods-Punch.debug.xcconfig */;
			buildSettings = {
				ASSETCATALOG_COMPILER_APPICON_NAME = AppIcon;
				CODE_SIGN_STYLE = Automatic;
				DEVELOPMENT_TEAM = DTTK359L6E;
				INFOPLIST_FILE = Punch/Info.plist;
				LD_RUNPATH_SEARCH_PATHS = (
					"$(inherited)",
					"@executable_path/Frameworks",
				);
				PRODUCT_BUNDLE_IDENTIFIER = com.trudev.Punch;
				PRODUCT_NAME = "$(TARGET_NAME)";
				SWIFT_OBJC_BRIDGING_HEADER = "Punch/Punch-Bridging-Header.h";
				SWIFT_VERSION = 5.0;
				TARGETED_DEVICE_FAMILY = "1,2";
			};
			name = Debug;
		};
		78CD0B1322C1792D008C251C /* Release */ = {
			isa = XCBuildConfiguration;
			baseConfigurationReference = 1170A086AF9EBF46D1F1B688 /* Pods-Punch.release.xcconfig */;
			buildSettings = {
				ASSETCATALOG_COMPILER_APPICON_NAME = AppIcon;
				CODE_SIGN_STYLE = Automatic;
				DEVELOPMENT_TEAM = DTTK359L6E;
				INFOPLIST_FILE = Punch/Info.plist;
				LD_RUNPATH_SEARCH_PATHS = (
					"$(inherited)",
					"@executable_path/Frameworks",
				);
				PRODUCT_BUNDLE_IDENTIFIER = com.trudev.Punch;
				PRODUCT_NAME = "$(TARGET_NAME)";
				SWIFT_OBJC_BRIDGING_HEADER = "Punch/Punch-Bridging-Header.h";
				SWIFT_VERSION = 5.0;
				TARGETED_DEVICE_FAMILY = "1,2";
			};
			name = Release;
		};
/* End XCBuildConfiguration section */

/* Begin XCConfigurationList section */
		78CD0AFA22C1792B008C251C /* Build configuration list for PBXProject "Punch" */ = {
			isa = XCConfigurationList;
			buildConfigurations = (
				78CD0B0F22C1792D008C251C /* Debug */,
				78CD0B1022C1792D008C251C /* Release */,
			);
			defaultConfigurationIsVisible = 0;
			defaultConfigurationName = Release;
		};
		78CD0B1122C1792D008C251C /* Build configuration list for PBXNativeTarget "Punch" */ = {
			isa = XCConfigurationList;
			buildConfigurations = (
				78CD0B1222C1792D008C251C /* Debug */,
				78CD0B1322C1792D008C251C /* Release */,
			);
			defaultConfigurationIsVisible = 0;
			defaultConfigurationName = Release;
		};
/* End XCConfigurationList section */
	};
	rootObject = 78CD0AF722C1792B008C251C /* Project object */;
}
